
Microsoft Visual Studio Solution File, Format Version 12.00
# Visual Studio Version 17
VisualStudioVersion = 17.2.32602.215
MinimumVisualStudioVersion = 10.0.40219.1
Project("{FAE04EC0-301F-11D3-BF4B-00C04F79EFBC}") = "Lab1", "Lab1.csproj", "{2EC1B540-13D0-4A4C-909F-D31B2A5C1936}"
EndProject
Global
	GlobalSection(SolutionConfigurationPlatforms) = preSolution
		Debug|Any CPU = Debug|Any CPU
		Release|Any CPU = Release|Any CPU
	EndGlobalSection
	GlobalSection(ProjectConfigurationPlatforms) = postSolution
		{2EC1B540-13D0-4A4C-909F-D31B2A5C1936}.Debug|Any CPU.ActiveCfg = Debug|Any CPU
		{2EC1B540-13D0-4A4C-909F-D31B2A5C1936}.Debug|Any CPU.Build.0 = Debug|Any CPU
		{2EC1B540-13D0-4A4C-909F-D31B2A5C1936}.Release|Any CPU.ActiveCfg = Release|Any CPU
		{2EC1B540-13D0-4A4C-909F-D31B2A5C1936}.Release|Any CPU.Build.0 = Release|Any CPU
	EndGlobalSection
	GlobalSection(SolutionProperties) = preSolution
		HideSolutionNode = FALSE
	EndGlobalSection
	GlobalSection(ExtensibilityGlobals) = postSolution
		SolutionGuid = {7E38E0E6-5490-45B1-9938-06164F531F6E}
	EndGlobalSection
EndGlobal
